github.com/KyleBanks/depth v1.2.1 h1:5h8fQADFrWtarTdtDudMmGsC7GPbOAu6RVB3ffsVFHc=
github.com/KyleBanks/depth v1.2.1/go.mod h1:jzSb9d0L43HxTQfT+oSA1EEp2q+ne2uh6XgeJcm8brE=
github.com/mgechev/dots v0.0.0-20181228164730-18fa4c4b71cc h1:SQHr6jXnsY5YmRoO7RWDcZjmC3PgwPW/xQ9TYJ/SiRY=
github.com/mgechev/dots v0.0.0-20181228164730-18fa4c4b71cc/go.mod h1:KQ7+USdGKfpPjXk4Ga+5XxQM4Lm4e3gAogrreFAYpOg=
